
Microsoft Visual Studio Solution File, Format Version 12.00
# Visual Studio Version 17
VisualStudioVersion = 17.0.31903.59
MinimumVisualStudioVersion = 10.0.40219.1
Project("{2150E333-8FDC-42A3-9474-1A3956D46DE8}") = "src", "src", "{A1B2C3D4-E5F6-7890-ABCD-EF1234567890}"
EndProject
Project("{FAE04EC0-301F-11D3-BF4B-00C04F79EFBC}") = "LensSplitter.Core", "src\LensSplitter.Core\LensSplitter.Core.csproj", "{11111111-1111-1111-1111-111111111111}"
EndProject
Project("{FAE04EC0-301F-11D3-BF4B-00C04F79EFBC}") = "LensSplitter.Cli", "src\LensSplitter.Cli\LensSplitter.Cli.csproj", "{66666666-6666-6666-6666-666666666666}"
EndProject
Project("{2150E333-8FDC-42A3-9474-1A3956D46DE8}") = "tests", "tests", "{0AB3BF05-4346-4AA6-1389-037BE0695223}"
EndProject
Project("{FAE04EC0-301F-11D3-BF4B-00C04F79EFBC}") = "LensSplitter.Tests", "tests\LensSplitter.Tests\LensSplitter.Tests.csproj", "{19A06E13-9E30-4367-AA04-02189254BCBD}"
EndProject
Project("{2150E333-8FDC-42A3-9474-1A3956D46DE8}") = "external", "external", "{A288BEE0-695A-BEEA-455C-649571D89326}"
EndProject
Project("{FAE04EC0-301F-11D3-BF4B-00C04F79EFBC}") = "AberrationCalculator.Core", "external\AberrationCalculator\src\AberrationCalculator.Core\AberrationCalculator.Core.csproj", "{B9BDEB21-B7EF-4C6C-9319-8B8E1C378018}"
EndProject
Project("{FAE04EC0-301F-11D3-BF4B-00C04F79EFBC}") = "AberrationCalculator.Core.Series", "external\AberrationCalculator\src\AberrationCalculator.Core.Series\AberrationCalculator.Core.Series.csproj", "{EA97FEB2-EBC8-4B14-BD82-C96585133353}"
EndProject
Project("{FAE04EC0-301F-11D3-BF4B-00C04F79EFBC}") = "AberrationCalculator.IO", "external\AberrationCalculator\src\AberrationCalculator.IO\AberrationCalculator.IO.csproj", "{D82FE11F-B88E-4EC8-A8B2-4BF47DD992F5}"
EndProject
Project("{FAE04EC0-301F-11D3-BF4B-00C04F79EFBC}") = "AberrationCalculator.Optimize", "external\AberrationCalculator\src\AberrationCalculator.Optimize\AberrationCalculator.Optimize.csproj", "{68A42837-6781-450E-B698-6CDEFE703D79}"
EndProject
Project("{FAE04EC0-301F-11D3-BF4B-00C04F79EFBC}") = "AberrationCalculator.Core.Ad", "external\AberrationCalculator\src\AberrationCalculator.Core.Ad\AberrationCalculator.Core.Ad.csproj", "{506A41DC-3F0B-41DC-992D-7C9933669840}"
EndProject
Project("{FAE04EC0-301F-11D3-BF4B-00C04F79EFBC}") = "AberrationCalculator.Core.Series.Ad", "external\AberrationCalculator\src\AberrationCalculator.Core.Series.Ad\AberrationCalculator.Core.Series.Ad.csproj", "{B363E82A-7DE9-4C2F-8621-C2B5CB647464}"
EndProject
Global
	GlobalSection(SolutionConfigurationPlatforms) = preSolution
		Debug|Any CPU = Debug|Any CPU
		Debug|x64 = Debug|x64
		Debug|x86 = Debug|x86
		Release|Any CPU = Release|Any CPU
		Release|x64 = Release|x64
		Release|x86 = Release|x86
	EndGlobalSection
	GlobalSection(ProjectConfigurationPlatforms) = postSolution
		{11111111-1111-1111-1111-111111111111}.Debug|Any CPU.ActiveCfg = Debug|Any CPU
		{11111111-1111-1111-1111-111111111111}.Debug|Any CPU.Build.0 = Debug|Any CPU
		{11111111-1111-1111-1111-111111111111}.Debug|x64.ActiveCfg = Debug|Any CPU
		{11111111-1111-1111-1111-111111111111}.Debug|x64.Build.0 = Debug|Any CPU
		{11111111-1111-1111-1111-111111111111}.Debug|x86.ActiveCfg = Debug|Any CPU
		{11111111-1111-1111-1111-111111111111}.Debug|x86.Build.0 = Debug|Any CPU
		{11111111-1111-1111-1111-111111111111}.Release|Any CPU.ActiveCfg = Release|Any CPU
		{11111111-1111-1111-1111-111111111111}.Release|Any CPU.Build.0 = Release|Any CPU
		{11111111-1111-1111-1111-111111111111}.Release|x64.ActiveCfg = Release|Any CPU
		{11111111-1111-1111-1111-111111111111}.Release|x64.Build.0 = Release|Any CPU
		{11111111-1111-1111-1111-111111111111}.Release|x86.ActiveCfg = Release|Any CPU
		{11111111-1111-1111-1111-111111111111}.Release|x86.Build.0 = Release|Any CPU
		{66666666-6666-6666-6666-666666666666}.Debug|Any CPU.ActiveCfg = Debug|Any CPU
		{66666666-6666-6666-6666-666666666666}.Debug|Any CPU.Build.0 = Debug|Any CPU
		{66666666-6666-6666-6666-666666666666}.Debug|x64.ActiveCfg = Debug|Any CPU
		{66666666-6666-6666-6666-666666666666}.Debug|x64.Build.0 = Debug|Any CPU
		{66666666-6666-6666-6666-666666666666}.Debug|x86.ActiveCfg = Debug|Any CPU
		{66666666-6666-6666-6666-666666666666}.Debug|x86.Build.0 = Debug|Any CPU
		{66666666-6666-6666-6666-666666666666}.Release|Any CPU.ActiveCfg = Release|Any CPU
		{66666666-6666-6666-6666-666666666666}.Release|Any CPU.Build.0 = Release|Any CPU
		{66666666-6666-6666-6666-666666666666}.Release|x64.ActiveCfg = Release|Any CPU
		{66666666-6666-6666-6666-666666666666}.Release|x64.Build.0 = Release|Any CPU
		{66666666-6666-6666-6666-666666666666}.Release|x86.ActiveCfg = Release|Any CPU
		{66666666-6666-6666-6666-666666666666}.Release|x86.Build.0 = Release|Any CPU
		{19A06E13-9E30-4367-AA04-02189254BCBD}.Debug|Any CPU.ActiveCfg = Debug|Any CPU
		{19A06E13-9E30-4367-AA04-02189254BCBD}.Debug|Any CPU.Build.0 = Debug|Any CPU
		{19A06E13-9E30-4367-AA04-02189254BCBD}.Debug|x64.ActiveCfg = Debug|Any CPU
		{19A06E13-9E30-4367-AA04-02189254BCBD}.Debug|x64.Build.0 = Debug|Any CPU
		{19A06E13-9E30-4367-AA04-02189254BCBD}.Debug|x86.ActiveCfg = Debug|Any CPU
		{19A06E13-9E30-4367-AA04-02189254BCBD}.Debug|x86.Build.0 = Debug|Any CPU
		{19A06E13-9E30-4367-AA04-02189254BCBD}.Release|Any CPU.ActiveCfg = Release|Any CPU
		{19A06E13-9E30-4367-AA04-02189254BCBD}.Release|Any CPU.Build.0 = Release|Any CPU
		{19A06E13-9E30-4367-AA04-02189254BCBD}.Release|x64.ActiveCfg = Release|Any CPU
		{19A06E13-9E30-4367-AA04-02189254BCBD}.Release|x64.Build.0 = Release|Any CPU
		{19A06E13-9E30-4367-AA04-02189254BCBD}.Release|x86.ActiveCfg = Release|Any CPU
		{19A06E13-9E30-4367-AA04-02189254BCBD}.Release|x86.Build.0 = Release|Any CPU
		{B9BDEB21-B7EF-4C6C-9319-8B8E1C378018}.Debug|Any CPU.ActiveCfg = Debug|Any CPU
		{B9BDEB21-B7EF-4C6C-9319-8B8E1C378018}.Debug|Any CPU.Build.0 = Debug|Any CPU
		{B9BDEB21-B7EF-4C6C-9319-8B8E1C378018}.Debug|x64.ActiveCfg = Debug|Any CPU
		{B9BDEB21-B7EF-4C6C-9319-8B8E1C378018}.Debug|x64.Build.0 = Debug|Any CPU
		{B9BDEB21-B7EF-4C6C-9319-8B8E1C378018}.Debug|x86.ActiveCfg = Debug|Any CPU
		{B9BDEB21-B7EF-4C6C-9319-8B8E1C378018}.Debug|x86.Build.0 = Debug|Any CPU
		{B9BDEB21-B7EF-4C6C-9319-8B8E1C378018}.Release|Any CPU.ActiveCfg = Release|Any CPU
		{B9BDEB21-B7EF-4C6C-9319-8B8E1C378018}.Release|Any CPU.Build.0 = Release|Any CPU
		{B9BDEB21-B7EF-4C6C-9319-8B8E1C378018}.Release|x64.ActiveCfg = Release|Any CPU
		{B9BDEB21-B7EF-4C6C-9319-8B8E1C378018}.Release|x64.Build.0 = Release|Any CPU
		{B9BDEB21-B7EF-4C6C-9319-8B8E1C378018}.Release|x86.ActiveCfg = Release|Any CPU
		{B9BDEB21-B7EF-4C6C-9319-8B8E1C378018}.Release|x86.Build.0 = Release|Any CPU
		{EA97FEB2-EBC8-4B14-BD82-C96585133353}.Debug|Any CPU.ActiveCfg = Debug|Any CPU
		{EA97FEB2-EBC8-4B14-BD82-C96585133353}.Debug|Any CPU.Build.0 = Debug|Any CPU
		{EA97FEB2-EBC8-4B14-BD82-C96585133353}.Debug|x64.ActiveCfg = Debug|Any CPU
		{EA97FEB2-EBC8-4B14-BD82-C96585133353}.Debug|x64.Build.0 = Debug|Any CPU
		{EA97FEB2-EBC8-4B14-BD82-C96585133353}.Debug|x86.ActiveCfg = Debug|Any CPU
		{EA97FEB2-EBC8-4B14-BD82-C96585133353}.Debug|x86.Build.0 = Debug|Any CPU
		{EA97FEB2-EBC8-4B14-BD82-C96585133353}.Release|Any CPU.ActiveCfg = Release|Any CPU
		{EA97FEB2-EBC8-4B14-BD82-C96585133353}.Release|Any CPU.Build.0 = Release|Any CPU
		{EA97FEB2-EBC8-4B14-BD82-C96585133353}.Release|x64.ActiveCfg = Release|Any CPU
		{EA97FEB2-EBC8-4B14-BD82-C96585133353}.Release|x64.Build.0 = Release|Any CPU
		{EA97FEB2-EBC8-4B14-BD82-C96585133353}.Release|x86.ActiveCfg = Release|Any CPU
		{EA97FEB2-EBC8-4B14-BD82-C96585133353}.Release|x86.Build.0 = Release|Any CPU
		{D82FE11F-B88E-4EC8-A8B2-4BF47DD992F5}.Debug|Any CPU.ActiveCfg = Debug|Any CPU
		{D82FE11F-B88E-4EC8-A8B2-4BF47DD992F5}.Debug|Any CPU.Build.0 = Debug|Any CPU
		{D82FE11F-B88E-4EC8-A8B2-4BF47DD992F5}.Debug|x64.ActiveCfg = Debug|Any CPU
		{D82FE11F-B88E-4EC8-A8B2-4BF47DD992F5}.Debug|x64.Build.0 = Debug|Any CPU
		{D82FE11F-B88E-4EC8-A8B2-4BF47DD992F5}.Debug|x86.ActiveCfg = Debug|Any CPU
		{D82FE11F-B88E-4EC8-A8B2-4BF47DD992F5}.Debug|x86.Build.0 = Debug|Any CPU
		{D82FE11F-B88E-4EC8-A8B2-4BF47DD992F5}.Release|Any CPU.ActiveCfg = Release|Any CPU
		{D82FE11F-B88E-4EC8-A8B2-4BF47DD992F5}.Release|Any CPU.Build.0 = Release|Any CPU
		{D82FE11F-B88E-4EC8-A8B2-4BF47DD992F5}.Release|x64.ActiveCfg = Release|Any CPU
		{D82FE11F-B88E-4EC8-A8B2-4BF47DD992F5}.Release|x64.Build.0 = Release|Any CPU
		{D82FE11F-B88E-4EC8-A8B2-4BF47DD992F5}.Release|x86.ActiveCfg = Release|Any CPU
		{D82FE11F-B88E-4EC8-A8B2-4BF47DD992F5}.Release|x86.Build.0 = Release|Any CPU
		{68A42837-6781-450E-B698-6CDEFE703D79}.Debug|Any CPU.ActiveCfg = Debug|Any CPU
		{68A42837-6781-450E-B698-6CDEFE703D79}.Debug|Any CPU.Build.0 = Debug|Any CPU
		{68A42837-6781-450E-B698-6CDEFE703D79}.Debug|x64.ActiveCfg = Debug|Any CPU
		{68A42837-6781-450E-B698-6CDEFE703D79}.Debug|x64.Build.0 = Debug|Any CPU
		{68A42837-6781-450E-B698-6CDEFE703D79}.Debug|x86.ActiveCfg = Debug|Any CPU
		{68A42837-6781-450E-B698-6CDEFE703D79}.Debug|x86.Build.0 = Debug|Any CPU
		{68A42837-6781-450E-B698-6CDEFE703D79}.Release|Any CPU.ActiveCfg = Release|Any CPU
		{68A42837-6781-450E-B698-6CDEFE703D79}.Release|Any CPU.Build.0 = Release|Any CPU
		{68A42837-6781-450E-B698-6CDEFE703D79}.Release|x64.ActiveCfg = Release|Any CPU
		{68A42837-6781-450E-B698-6CDEFE703D79}.Release|x64.Build.0 = Release|Any CPU
		{68A42837-6781-450E-B698-6CDEFE703D79}.Release|x86.ActiveCfg = Release|Any CPU
		{68A42837-6781-450E-B698-6CDEFE703D79}.Release|x86.Build.0 = Release|Any CPU
		{506A41DC-3F0B-41DC-992D-7C9933669840}.Debug|Any CPU.ActiveCfg = Debug|Any CPU
		{506A41DC-3F0B-41DC-992D-7C9933669840}.Debug|Any CPU.Build.0 = Debug|Any CPU
		{506A41DC-3F0B-41DC-992D-7C9933669840}.Debug|x64.ActiveCfg = Debug|Any CPU
		{506A41DC-3F0B-41DC-992D-7C9933669840}.Debug|x64.Build.0 = Debug|Any CPU
		{506A41DC-3F0B-41DC-992D-7C9933669840}.Debug|x86.ActiveCfg = Debug|Any CPU
		{506A41DC-3F0B-41DC-992D-7C9933669840}.Debug|x86.Build.0 = Debug|Any CPU
		{506A41DC-3F0B-41DC-992D-7C9933669840}.Release|Any CPU.ActiveCfg = Release|Any CPU
		{506A41DC-3F0B-41DC-992D-7C9933669840}.Release|Any CPU.Build.0 = Release|Any CPU
		{506A41DC-3F0B-41DC-992D-7C9933669840}.Release|x64.ActiveCfg = Release|Any CPU
		{506A41DC-3F0B-41DC-992D-7C9933669840}.Release|x64.Build.0 = Release|Any CPU
		{506A41DC-3F0B-41DC-992D-7C9933669840}.Release|x86.ActiveCfg = Release|Any CPU
		{506A41DC-3F0B-41DC-992D-7C9933669840}.Release|x86.Build.0 = Release|Any CPU
		{B363E82A-7DE9-4C2F-8621-C2B5CB647464}.Debug|Any CPU.ActiveCfg = Debug|Any CPU
		{B363E82A-7DE9-4C2F-8621-C2B5CB647464}.Debug|Any CPU.Build.0 = Debug|Any CPU
		{B363E82A-7DE9-4C2F-8621-C2B5CB647464}.Debug|x64.ActiveCfg = Debug|Any CPU
		{B363E82A-7DE9-4C2F-8621-C2B5CB647464}.Debug|x64.Build.0 = Debug|Any CPU
		{B363E82A-7DE9-4C2F-8621-C2B5CB647464}.Debug|x86.ActiveCfg = Debug|Any CPU
		{B363E82A-7DE9-4C2F-8621-C2B5CB647464}.Debug|x86.Build.0 = Debug|Any CPU
		{B363E82A-7DE9-4C2F-8621-C2B5CB647464}.Release|Any CPU.ActiveCfg = Release|Any CPU
		{B363E82A-7DE9-4C2F-8621-C2B5CB647464}.Release|Any CPU.Build.0 = Release|Any CPU
		{B363E82A-7DE9-4C2F-8621-C2B5CB647464}.Release|x64.ActiveCfg = Release|Any CPU
		{B363E82A-7DE9-4C2F-8621-C2B5CB647464}.Release|x64.Build.0 = Release|Any CPU
		{B363E82A-7DE9-4C2F-8621-C2B5CB647464}.Release|x86.ActiveCfg = Release|Any CPU
		{B363E82A-7DE9-4C2F-8621-C2B5CB647464}.Release|x86.Build.0 = Release|Any CPU
	EndGlobalSection
	GlobalSection(SolutionProperties) = preSolution
		HideSolutionNode = FALSE
	EndGlobalSection
	GlobalSection(NestedProjects) = preSolution
		{11111111-1111-1111-1111-111111111111} = {A1B2C3D4-E5F6-7890-ABCD-EF1234567890}
		{66666666-6666-6666-6666-666666666666} = {A1B2C3D4-E5F6-7890-ABCD-EF1234567890}
		{19A06E13-9E30-4367-AA04-02189254BCBD} = {0AB3BF05-4346-4AA6-1389-037BE0695223}
		{B9BDEB21-B7EF-4C6C-9319-8B8E1C378018} = {A288BEE0-695A-BEEA-455C-649571D89326}
		{EA97FEB2-EBC8-4B14-BD82-C96585133353} = {A288BEE0-695A-BEEA-455C-649571D89326}
		{D82FE11F-B88E-4EC8-A8B2-4BF47DD992F5} = {A288BEE0-695A-BEEA-455C-649571D89326}
		{68A42837-6781-450E-B698-6CDEFE703D79} = {A288BEE0-695A-BEEA-455C-649571D89326}
		{506A41DC-3F0B-41DC-992D-7C9933669840} = {A288BEE0-695A-BEEA-455C-649571D89326}
		{B363E82A-7DE9-4C2F-8621-C2B5CB647464} = {A288BEE0-695A-BEEA-455C-649571D89326}
	EndGlobalSection
EndGlobal
